{
  "schema": "skilltape.dev/lock/v1",
  "engine": {
    "version": "0.1.0"
  },
  "tools": [
    {
      "program": "/usr/bin/perl",
      "version": "system"
    }
  ],
  "scripts": [
    {
      "path": "scripts/summarize_orders.pl",
      "sha256": "0c04d672d8fa033d3f48a9a47f98048f62482f851ef56cf3f907c2b53eee2674"
    }
  ]
}
